# This file is automatically @generated by Poetry 1.8.3 and should not be changed by hand.

[[package]]
name = "aider-install"
version = "0.1.3"
description = "Installer for the aider AI pair programming CLI tool."
optional = false
python-versions = ">=3.8"
files = [
    {file = "aider_install-0.1.3-py3-none-any.whl", hash = "sha256:798ce100ed1032c7679d520392c0042e8254bd942a9020759a17683ee66192a5"},
    {file = "aider_install-0.1.3.tar.gz", hash = "sha256:7981fd8e2a1ef3acb0383c75d3846e8095fbfcccb623b5e0d1091c983269d694"},
]

[package.dependencies]
uv = ">=0.5.0"

[[package]]
name = "uv"
version = "0.5.29"
description = "An extremely fast Python package and project manager, written in Rust."
optional = false
python-versions = ">=3.8"
files = [
    {file = "uv-0.5.29-py3-none-linux_armv6l.whl", hash = "sha256:9f5fc05f3848e16a90fc9cebe2897d3d4de42f8cf2ec312b4efef45a520d54e9"},
    {file = "uv-0.5.29-py3-none-macosx_10_12_x86_64.whl", hash = "sha256:b307438a5e2df313a9ea5446d6e5af99a9b57a363fc5e68a434ef2d89cde083b"},
    {file = "uv-0.5.29-py3-none-macosx_11_0_arm64.whl", hash = "sha256:25f12457e0898313aed2705effb53118af542bd9825a4de2214a324ddd9bf8d7"},
    {file = "uv-0.5.29-py3-none-manylinux_2_17_aarch64.manylinux2014_aarch64.musllinux_1_1_aarch64.whl", hash = "sha256:345f14af3944b67f1622b080fc037fa1276f921b1a8ffbe19d4c5b5e9a19a3b0"},
    {file = "uv-0.5.29-py3-none-manylinux_2_17_armv7l.manylinux2014_armv7l.whl", hash = "sha256:8fe93da5e7a087607396f905bf7d704e9a2073245a357871484c9281dc969be9"},
    {file = "uv-0.5.29-py3-none-manylinux_2_17_i686.manylinux2014_i686.whl", hash = "sha256:e5165111121acb6b4924b0b2e740115706fb9ecfd3335def7c5afa8cce307996"},
    {file = "uv-0.5.29-py3-none-manylinux_2_17_ppc64.manylinux2014_ppc64.whl", hash = "sha256:6fbd1354d15fadff723b1eed171dab917dffa81091c12d5aedd6ff87b72f95df"},
    {file = "uv-0.5.29-py3-none-manylinux_2_17_ppc64le.manylinux2014_ppc64le.whl", hash = "sha256:aeb4a5698d1f09e8eab2495f77fc5fba25876b749d2dbef2f9e196f2471f86ba"},
    {file = "uv-0.5.29-py3-none-manylinux_2_17_s390x.manylinux2014_s390x.whl", hash = "sha256:1631bd3269149501e851d2120a77c32430709540d44e24c9e82de1fe5ee71057"},
    {file = "uv-0.5.29-py3-none-manylinux_2_17_x86_64.manylinux2014_x86_64.whl", hash = "sha256:02ceda14892816f7db3d7d1a4a69b299817b54749036af1125ec73d8f570b52a"},
    {file = "uv-0.5.29-py3-none-manylinux_2_28_aarch64.whl", hash = "sha256:ea6b05abfc025cb42ec27c9c8ac738909b1229e271b421f0c339eecc61df13a6"},
    {file = "uv-0.5.29-py3-none-musllinux_1_1_armv7l.whl", hash = "sha256:0e4fc5cc036afdccd8b539f826e8c4bac7acf51436c6216e81895ce5532141ac"},
    {file = "uv-0.5.29-py3-none-musllinux_1_1_i686.whl", hash = "sha256:49f1bb38033ca49bb73cc33de06eff537b8a25cd201a29a4a4c2559535356907"},
    {file = "uv-0.5.29-py3-none-musllinux_1_1_x86_64.whl", hash = "sha256:ba16016199938f44b16ee74941bb7d95eb8e84301db7c7aad9d1f4861bb10b1c"},
    {file = "uv-0.5.29-py3-none-win32.whl", hash = "sha256:25e7f1850a71846b52aa8ed58640aa2082e16bc84995e8ff438e4bb916968159"},
    {file = "uv-0.5.29-py3-none-win_amd64.whl", hash = "sha256:d19ecc416fc069fbf767b2fd022789b2d93832b8d45702e34daf714dea1e5851"},
    {file = "uv-0.5.29-py3-none-win_arm64.whl", hash = "sha256:e8a5e18487c33a0c29867da123ef0f035ee1ba880640fcbf8743ca80d7158ed0"},
    {file = "uv-0.5.29.tar.gz", hash = "sha256:05b6c8132b4054a83596aa0d85720649c6c8029188ea03f014c4bcfa77003c74"},
]

[metadata]
lock-version = "2.0"
python-versions = "^3.12"
content-hash = "23139034436e84f2e82d1ef23f4901f39d5b65287af898e58d25adcd0f206f8d"
