# This file is automatically @generated by Poetry 1.8.3 and should not be changed by hand.

[[package]]
name = "aider-install"
version = "0.1.3"
description = "Installer for the aider AI pair programming CLI tool."
optional = false
python-versions = ">=3.8"
files = [
    {file = "aider_install-0.1.3-py3-none-any.whl", hash = "sha256:798ce100ed1032c7679d520392c0042e8254bd942a9020759a17683ee66192a5"},
    {file = "aider_install-0.1.3.tar.gz", hash = "sha256:7981fd8e2a1ef3acb0383c75d3846e8095fbfcccb623b5e0d1091c983269d694"},
]

[package.dependencies]
uv = ">=0.5.0"

[[package]]
name = "uv"
version = "0.6.2"
description = "An extremely fast Python package and project manager, written in Rust."
optional = false
python-versions = ">=3.8"
files = [
    {file = "uv-0.6.2-py3-none-linux_armv6l.whl", hash = "sha256:d501ae16fb33969b12a64ac7b9c49d672b8c3964026c5dcaee3b1dcd50a6a22c"},
    {file = "uv-0.6.2-py3-none-macosx_10_12_x86_64.whl", hash = "sha256:2c13ca920d87dc00721a86ac3d19667cff5435b369d21e3d6df76b373d8fa8df"},
    {file = "uv-0.6.2-py3-none-macosx_11_0_arm64.whl", hash = "sha256:f24e119d338bae32b5a604585b7b518036fba556e2c2d9dbd2d7cf1411213b57"},
    {file = "uv-0.6.2-py3-none-manylinux_2_17_aarch64.manylinux2014_aarch64.musllinux_1_1_aarch64.whl", hash = "sha256:1db90b728a173926e2018b89df776a373b1e50520466f61e0dbf05f9a64a6db5"},
    {file = "uv-0.6.2-py3-none-manylinux_2_17_armv7l.manylinux2014_armv7l.whl", hash = "sha256:d23fb9cd41aecb31845e884d0bfde243e04e763abeab3532138321b4ebe7437c"},
    {file = "uv-0.6.2-py3-none-manylinux_2_17_i686.manylinux2014_i686.whl", hash = "sha256:df0a1d95fd1539c05de434259fafcee0b6852900d4178e94b3b6b6b06438b60c"},
    {file = "uv-0.6.2-py3-none-manylinux_2_17_ppc64.manylinux2014_ppc64.whl", hash = "sha256:f2f0dc9a0564b31d4efdee317c176a23bbe7e61aec6d281a331ba6ae32f828ff"},
    {file = "uv-0.6.2-py3-none-manylinux_2_17_ppc64le.manylinux2014_ppc64le.whl", hash = "sha256:326aff8c4fb8153e2384e79904c27b1c9d4c3a5879b53a6fbc2da3283fda321d"},
    {file = "uv-0.6.2-py3-none-manylinux_2_17_s390x.manylinux2014_s390x.whl", hash = "sha256:b8763f310a473f46c0226f5e08a876bd34de121ac370cc7294a5397a13a18d8a"},
    {file = "uv-0.6.2-py3-none-manylinux_2_17_x86_64.manylinux2014_x86_64.whl", hash = "sha256:9e2e421947ef889e6c8913992c560d611826464eabc78f8f702a5eff824aabc7"},
    {file = "uv-0.6.2-py3-none-manylinux_2_28_aarch64.whl", hash = "sha256:7dd26dabd918e5648ecf94fb7c0787db954237e34ea3bdd944b98d007b44c3a5"},
    {file = "uv-0.6.2-py3-none-musllinux_1_1_armv7l.whl", hash = "sha256:f3719da2e59403783eab634a6238b90051fc65379e02c10b9ca1b32b26d35f77"},
    {file = "uv-0.6.2-py3-none-musllinux_1_1_i686.whl", hash = "sha256:b435687e5c26a64858ea842fbb4b35ced8e8741a99d1b75d0c0143462e956db9"},
    {file = "uv-0.6.2-py3-none-musllinux_1_1_x86_64.whl", hash = "sha256:0f1e8e15c92607862e72e0467a31947af7b9aef93924072e9b4d5dcb5633d374"},
    {file = "uv-0.6.2-py3-none-win32.whl", hash = "sha256:52b7452f4c523b9875de53ba73df87acd1cdea36640281d0d80c8074eda42f16"},
    {file = "uv-0.6.2-py3-none-win_amd64.whl", hash = "sha256:5337cdb6ecc604d0cf36fe6799dd0479111b606009e6c29685d213c74eb40373"},
    {file = "uv-0.6.2-py3-none-win_arm64.whl", hash = "sha256:27ecb8f6ef796220062f31a12e2dc5dc7a14704aa1df0da2dfa3530346c7e3cc"},
    {file = "uv-0.6.2.tar.gz", hash = "sha256:d696a4f3d4a3ac1b305255e8814ae3a147ea3428a977bb3b4335a339941799bc"},
]

[metadata]
lock-version = "2.0"
python-versions = "^3.12"
content-hash = "23139034436e84f2e82d1ef23f4901f39d5b65287af898e58d25adcd0f206f8d"
